
Microsoft Visual Studio Solution File, Format Version 12.00
# Visual Studio Version 17
VisualStudioVersion = 17.6.33815.320
MinimumVisualStudioVersion = 10.0.40219.1
Project("{FAE04EC0-301F-11D3-BF4B-00C04F79EFBC}") = "CollectionDemo", "CollectionDemo\CollectionDemo.csproj", "{20AA55EC-1113-43F3-A9C0-C22711EA9C81}"
EndProject
Global
	GlobalSection(SolutionConfigurationPlatforms) = preSolution
		Debug|Any CPU = Debug|Any CPU
		Release|Any CPU = Release|Any CPU
	EndGlobalSection
	GlobalSection(ProjectConfigurationPlatforms) = postSolution
		{20AA55EC-1113-43F3-A9C0-C22711EA9C81}.Debug|Any CPU.ActiveCfg = Debug|Any CPU
		{20AA55EC-1113-43F3-A9C0-C22711EA9C81}.Debug|Any CPU.Build.0 = Debug|Any CPU
		{20AA55EC-1113-43F3-A9C0-C22711EA9C81}.Release|Any CPU.ActiveCfg = Release|Any CPU
		{20AA55EC-1113-43F3-A9C0-C22711EA9C81}.Release|Any CPU.Build.0 = Release|Any CPU
	EndGlobalSection
	GlobalSection(SolutionProperties) = preSolution
		HideSolutionNode = FALSE
	EndGlobalSection
	GlobalSection(ExtensibilityGlobals) = postSolution
		SolutionGuid = {4E30BD87-0933-4728-BDB2-A1C3E0107B67}
	EndGlobalSection
EndGlobal
